
Microsoft Visual Studio Solution File, Format Version 12.00
# Visual Studio Version 17
VisualStudioVersion = 17.8.34330.188
MinimumVisualStudioVersion = 10.0.40219.1
Project("{FAE04EC0-301F-11D3-BF4B-00C04F79EFBC}") = "J0kerClient", "J0kerClient\J0kerClient.csproj", "{39D9CF0F-57C8-48AC-92DB-3AE99A3897C6}"
EndProject
Global
	GlobalSection(SolutionConfigurationPlatforms) = preSolution
		Debug|Any CPU = Debug|Any CPU
		Release|Any CPU = Release|Any CPU
	EndGlobalSection
	GlobalSection(ProjectConfigurationPlatforms) = postSolution
		{39D9CF0F-57C8-48AC-92DB-3AE99A3897C6}.Debug|Any CPU.ActiveCfg = Debug|Any CPU
		{39D9CF0F-57C8-48AC-92DB-3AE99A3897C6}.Debug|Any CPU.Build.0 = Debug|Any CPU
		{39D9CF0F-57C8-48AC-92DB-3AE99A3897C6}.Release|Any CPU.ActiveCfg = Release|Any CPU
		{39D9CF0F-57C8-48AC-92DB-3AE99A3897C6}.Release|Any CPU.Build.0 = Release|Any CPU
	EndGlobalSection
	GlobalSection(SolutionProperties) = preSolution
		HideSolutionNode = FALSE
	EndGlobalSection
	GlobalSection(ExtensibilityGlobals) = postSolution
		SolutionGuid = {8FBD0BB9-C54B-4C70-B347-44438AF9F3BD}
	EndGlobalSection
EndGlobal
